{
    "_readme": [
        "This file locks the dependencies of your project to a known state",
        "Read more about it at https://getcomposer.org/doc/01-basic-usage.md#composer-lock-the-lock-file",
        "This file is @generated automatically"
    ],
    "content-hash": "f32ebe78b6b983ba86e9df14c33509c5",
    "packages": [
        {
            "name": "beberlei/assert",
            "version": "v2.7.6",
            "source": {
                "type": "git",
                "url": "https://github.com/beberlei/assert.git",
                "reference": "8726e183ebbb0169cb6cb4832e22ebd355524563"
            },
            "dist": {
                "type": "zip",
                "url": "https://api.github.com/repos/beberlei/assert/zipball/8726e183ebbb0169cb6cb4832e22ebd355524563",
                "reference": "8726e183ebbb0169cb6cb4832e22ebd355524563",
                "shasum": ""
            },
            "require": {
                "ext-mbstring": "*",
                "php": ">=5.3"
            },
            "require-dev": {
                "friendsofphp/php-cs-fixer": "^2.1.1",
                "phpunit/phpunit": "^4|^5"
            },
            "type": "library",
            "autoload": {
                "psr-4": {
                    "Assert\\": "lib/Assert"
                },
                "files": [
                    "lib/Assert/functions.php"
                ]
            },
            "notification-url": "https://packagist.org/downloads/",
            "license": [
                "BSD-2-Clause"
            ],
            "authors": [
                {
                    "name": "Benjamin Eberlei",
                    "email": "kontakt@beberlei.de",
                    "role": "Lead Developer"
                },
                {
                    "name": "Richard Quadling",
                    "email": "rquadling@gmail.com",
                    "role": "Collaborator"
                }
            ],
            "description": "Thin assertion library for input validation in business models.",
            "keywords": [
                "assert",
                "assertion",
                "validation"
            ],
            "time": "2017-05-04T02:00:24+00:00"
        },
        {
            "name": "christian-riesen/base32",
            "version": "1.3.1",
            "source": {
                "type": "git",
                "url": "https://github.com/ChristianRiesen/base32.git",
                "reference": "0a31e50c0fa9b1692d077c86ac188eecdcbaf7fa"
            },
            "dist": {
                "type": "zip",
                "url": "https://api.github.com/repos/ChristianRiesen/base32/zipball/0a31e50c0fa9b1692d077c86ac188eecdcbaf7fa",
                "reference": "0a31e50c0fa9b1692d077c86ac188eecdcbaf7fa",
                "shasum": ""
            },
            "require": {
                "php": ">=5.3.0"
            },
            "require-dev": {
                "phpunit/phpunit": "4.*",
                "satooshi/php-coveralls": "0.*"
            },
            "type": "library",
            "extra": {
                "branch-alias": {
                    "dev-master": "1.1.x-dev"
                }
            },
            "autoload": {
                "psr-4": {
                    "Base32\\": "src/"
                }
            },
            "notification-url": "https://packagist.org/downloads/",
            "license": [
                "MIT"
            ],
            "authors": [
                {
                    "name": "Christian Riesen",
                    "email": "chris.riesen@gmail.com",
                    "homepage": "http://christianriesen.com",
                    "role": "Developer"
                }
            ],
            "description": "Base32 encoder/decoder according to RFC 4648",
            "homepage": "https://github.com/ChristianRiesen/base32",
            "keywords": [
                "base32",
                "decode",
                "encode",
                "rfc4648"
            ],
            "time": "2016-05-05T11:49:03+00:00"
        },
        {
            "name": "composer/installers",
            "version": "v1.3.0",
            "source": {
                "type": "git",
                "url": "https://github.com/composer/installers.git",
                "reference": "79ad876c7498c0bbfe7eed065b8651c93bfd6045"
            },
            "dist": {
                "type": "zip",
                "url": "https://api.github.com/repos/composer/installers/zipball/79ad876c7498c0bbfe7eed065b8651c93bfd6045",
                "reference": "79ad876c7498c0bbfe7eed065b8651c93bfd6045",
                "shasum": ""
            },
            "require": {
                "composer-plugin-api": "^1.0"
            },
            "replace": {
                "roundcube/plugin-installer": "*",
                "shama/baton": "*"
            },
            "require-dev": {
                "composer/composer": "1.0.*@dev",
                "phpunit/phpunit": "4.1.*"
            },
            "type": "composer-plugin",
            "extra": {
                "class": "Composer\\Installers\\Plugin",
                "branch-alias": {
                    "dev-master": "1.0-dev"
                }
            },
            "autoload": {
                "psr-4": {
                    "Composer\\Installers\\": "src/Composer/Installers"
                }
            },
            "notification-url": "https://packagist.org/downloads/",
            "license": [
                "MIT"
            ],
            "authors": [
                {
                    "name": "Kyle Robinson Young",
                    "email": "kyle@dontkry.com",
                    "homepage": "https://github.com/shama"
                }
            ],
            "description": "A multi-framework Composer library installer",
            "homepage": "https://composer.github.io/installers/",
            "keywords": [
                "Craft",
                "Dolibarr",
                "Eliasis",
                "Hurad",
                "ImageCMS",
                "Kanboard",
                "MODX Evo",
                "Mautic",
                "Maya",
                "OXID",
                "Plentymarkets",
                "Porto",
                "RadPHP",
                "SMF",
                "Thelia",
                "WolfCMS",
                "agl",
                "aimeos",
                "annotatecms",
                "attogram",
                "bitrix",
                "cakephp",
                "chef",
                "cockpit",
                "codeigniter",
                "concrete5",
                "croogo",
                "dokuwiki",
                "drupal",
                "elgg",
                "expressionengine",
                "fuelphp",
                "grav",
                "installer",
                "itop",
                "joomla",
                "kohana",
                "laravel",
                "lavalite",
                "lithium",
                "magento",
                "mako",
                "mediawiki",
                "modulework",
                "moodle",
                "phpbb",
                "piwik",
                "ppi",
                "puppet",
                "reindex",
                "roundcube",
                "shopware",
                "silverstripe",
                "sydes",
                "symfony",
                "typo3",
                "wordpress",
                "yawik",
                "zend",
                "zikula"
            ],
            "time": "2017-04-24T06:37:16+00:00"
        },
        {
            "name": "paragonie/random_compat",
            "version": "v2.0.10",
            "source": {
                "type": "git",
                "url": "https://github.com/paragonie/random_compat.git",
                "reference": "634bae8e911eefa89c1abfbf1b66da679ac8f54d"
            },
            "dist": {
                "type": "zip",
                "url": "https://api.github.com/repos/paragonie/random_compat/zipball/634bae8e911eefa89c1abfbf1b66da679ac8f54d",
                "reference": "634bae8e911eefa89c1abfbf1b66da679ac8f54d",
                "shasum": ""
            },
            "require": {
                "php": ">=5.2.0"
            },
            "require-dev": {
                "phpunit/phpunit": "4.*|5.*"
            },
            "suggest": {
                "ext-libsodium": "Provides a modern crypto API that can be used to generate random bytes."
            },
            "type": "library",
            "autoload": {
                "files": [
                    "lib/random.php"
                ]
            },
            "notification-url": "https://packagist.org/downloads/",
            "license": [
                "MIT"
            ],
            "authors": [
                {
                    "name": "Paragon Initiative Enterprises",
                    "email": "security@paragonie.com",
                    "homepage": "https://paragonie.com"
                }
            ],
            "description": "PHP 5.x polyfill for random_bytes() and random_int() from PHP 7",
            "keywords": [
                "csprng",
                "pseudorandom",
                "random"
            ],
            "time": "2017-03-13T16:27:32+00:00"
        },
        {
            "name": "spomky-labs/otphp",
            "version": "v8.3.0",
            "source": {
                "type": "git",
                "url": "https://github.com/Spomky-Labs/otphp.git",
                "reference": "8c90e16ba48fe7c306832611e22c5bad2d663a98"
            },
            "dist": {
                "type": "zip",
                "url": "https://api.github.com/repos/Spomky-Labs/otphp/zipball/8c90e16ba48fe7c306832611e22c5bad2d663a98",
                "reference": "8c90e16ba48fe7c306832611e22c5bad2d663a98",
                "shasum": ""
            },
            "require": {
                "beberlei/assert": "^2.4",
                "christian-riesen/base32": "^1.1",
                "paragonie/random_compat": "^2.0",
                "php": "^5.5|^7.0",
                "symfony/polyfill-mbstring": "^1.1",
                "symfony/polyfill-php56": "^1.1"
            },
            "require-dev": {
                "phpunit/phpunit": "~4.0|^5.0",
                "satooshi/php-coveralls": "^1.0"
            },
            "type": "library",
            "extra": {
                "branch-alias": {
                    "dev-master": "8.2.x-dev"
                }
            },
            "autoload": {
                "psr-4": {
                    "OTPHP\\": "src/"
                }
            },
            "notification-url": "https://packagist.org/downloads/",
            "license": [
                "MIT"
            ],
            "authors": [
                {
                    "name": "Florent Morselli",
                    "homepage": "https://github.com/Spomky"
                },
                {
                    "name": "All contributors",
                    "homepage": "https://github.com/Spomky-Labs/otphp/contributors"
                }
            ],
            "description": "A PHP library for generating one time passwords according to RFC 4226 (HOTP Algorithm) and the RFC 6238 (TOTP Algorithm) and compatible with Google Authenticator",
            "homepage": "https://github.com/Spomky-Labs/otphp",
            "keywords": [
                "FreeOTP",
                "RFC 4226",
                "RFC 6238",
                "google authenticator",
                "hotp",
                "otp",
                "totp"
            ],
            "time": "2016-12-08T10:46:02+00:00"
        },
        {
            "name": "symfony/polyfill-mbstring",
            "version": "v1.3.0",
            "source": {
                "type": "git",
                "url": "https://github.com/symfony/polyfill-mbstring.git",
                "reference": "e79d363049d1c2128f133a2667e4f4190904f7f4"
            },
            "dist": {
                "type": "zip",
                "url": "https://api.github.com/repos/symfony/polyfill-mbstring/zipball/e79d363049d1c2128f133a2667e4f4190904f7f4",
                "reference": "e79d363049d1c2128f133a2667e4f4190904f7f4",
                "shasum": ""
            },
            "require": {
                "php": ">=5.3.3"
            },
            "suggest": {
                "ext-mbstring": "For best performance"
            },
            "type": "library",
            "extra": {
                "branch-alias": {
                    "dev-master": "1.3-dev"
                }
            },
            "autoload": {
                "psr-4": {
                    "Symfony\\Polyfill\\Mbstring\\": ""
                },
                "files": [
                    "bootstrap.php"
                ]
            },
            "notification-url": "https://packagist.org/downloads/",
            "license": [
                "MIT"
            ],
            "authors": [
                {
                    "name": "Nicolas Grekas",
                    "email": "p@tchwork.com"
                },
                {
                    "name": "Symfony Community",
                    "homepage": "https://symfony.com/contributors"
                }
            ],
            "description": "Symfony polyfill for the Mbstring extension",
            "homepage": "https://symfony.com",
            "keywords": [
                "compatibility",
                "mbstring",
                "polyfill",
                "portable",
                "shim"
            ],
            "time": "2016-11-14T01:06:16+00:00"
        },
        {
            "name": "symfony/polyfill-php56",
            "version": "v1.3.0",
            "source": {
                "type": "git",
                "url": "https://github.com/symfony/polyfill-php56.git",
                "reference": "1dd42b9b89556f18092f3d1ada22cb05ac85383c"
            },
            "dist": {
                "type": "zip",
                "url": "https://api.github.com/repos/symfony/polyfill-php56/zipball/1dd42b9b89556f18092f3d1ada22cb05ac85383c",
                "reference": "1dd42b9b89556f18092f3d1ada22cb05ac85383c",
                "shasum": ""
            },
            "require": {
                "php": ">=5.3.3",
                "symfony/polyfill-util": "~1.0"
            },
            "type": "library",
            "extra": {
                "branch-alias": {
                    "dev-master": "1.3-dev"
                }
            },
            "autoload": {
                "psr-4": {
                    "Symfony\\Polyfill\\Php56\\": ""
                },
                "files": [
                    "bootstrap.php"
                ]
            },
            "notification-url": "https://packagist.org/downloads/",
            "license": [
                "MIT"
            ],
            "authors": [
                {
                    "name": "Nicolas Grekas",
                    "email": "p@tchwork.com"
                },
                {
                    "name": "Symfony Community",
                    "homepage": "https://symfony.com/contributors"
                }
            ],
            "description": "Symfony polyfill backporting some PHP 5.6+ features to lower PHP versions",
            "homepage": "https://symfony.com",
            "keywords": [
                "compatibility",
                "polyfill",
                "portable",
                "shim"
            ],
            "time": "2016-11-14T01:06:16+00:00"
        },
        {
            "name": "symfony/polyfill-util",
            "version": "v1.3.0",
            "source": {
                "type": "git",
                "url": "https://github.com/symfony/polyfill-util.git",
                "reference": "746bce0fca664ac0a575e465f65c6643faddf7fb"
            },
            "dist": {
                "type": "zip",
                "url": "https://api.github.com/repos/symfony/polyfill-util/zipball/746bce0fca664ac0a575e465f65c6643faddf7fb",
                "reference": "746bce0fca664ac0a575e465f65c6643faddf7fb",
                "shasum": ""
            },
            "require": {
                "php": ">=5.3.3"
            },
            "type": "library",
            "extra": {
                "branch-alias": {
                    "dev-master": "1.3-dev"
                }
            },
            "autoload": {
                "psr-4": {
                    "Symfony\\Polyfill\\Util\\": ""
                }
            },
            "notification-url": "https://packagist.org/downloads/",
            "license": [
                "MIT"
            ],
            "authors": [
                {
                    "name": "Nicolas Grekas",
                    "email": "p@tchwork.com"
                },
                {
                    "name": "Symfony Community",
                    "homepage": "https://symfony.com/contributors"
                }
            ],
            "description": "Symfony utilities for portability of PHP codes",
            "homepage": "https://symfony.com",
            "keywords": [
                "compat",
                "compatibility",
                "polyfill",
                "shim"
            ],
            "time": "2016-11-14T01:06:16+00:00"
        }
    ],
    "packages-dev": [],
    "aliases": [],
    "minimum-stability": "stable",
    "stability-flags": [],
    "prefer-stable": false,
    "prefer-lowest": false,
    "platform": [],
    "platform-dev": []
}
